// !$*UTF8*$!
{
	archiveVersion = 1;
	classes = {
	};
	objectVersion = 46;
	objects = {

/* Begin PBXBuildFile section */
		5B8707951DC19B2700ABA2F5 /* AppDelegate.swift in Sources */ = {isa = PBXBuildFile; fileRef = 5B8707941DC19B2700ABA2F5 /* AppDelegate.swift */; };
		5B87079A1DC19B2700ABA2F5 /* Main.storyboard in Resources */ = {isa = PBXBuildFile; fileRef = 5B8707981DC19B2700ABA2F5 /* Main.storyboard */; };
		5B87079C1DC19B2700ABA2F5 /* Assets.xcassets in Resources */ = {isa = PBXBuildFile; fileRef = 5B87079B1DC19B2700ABA2F5 /* Assets.xcassets */; };
		5B87079F1DC19B2700ABA2F5 /* LaunchScreen.storyboard in Resources */ = {isa = PBXBuildFile; fileRef = 5B87079D1DC19B2700ABA2F5 /* LaunchScreen.storyboard */; };
		5B8707AF1DC1CDF700ABA2F5 /* Home.storyboard in Resources */ = {isa = PBXBuildFile; fileRef = 5B8707AD1DC1CDF700ABA2F5 /* Home.storyboard */; };
		5B8707B11DC1CE4A00ABA2F5 /* Live.storyboard in Resources */ = {isa = PBXBuildFile; fileRef = 5B8707B01DC1CE4A00ABA2F5 /* Live.storyboard */; };
		5B8707B41DC1CE6000ABA2F5 /* Follow.storyboard in Resources */ = {isa = PBXBuildFile; fileRef = 5B8707B21DC1CE6000ABA2F5 /* Follow.storyboard */; };
		5B8707B61DC1CE7B00ABA2F5 /* Profile.storyboard in Resources */ = {isa = PBXBuildFile; fileRef = 5B8707B51DC1CE7B00ABA2F5 /* Profile.storyboard */; };
		5B8707B81DC1CFB500ABA2F5 /* MainViewController.swift in Sources */ = {isa = PBXBuildFile; fileRef = 5B8707B71DC1CFB500ABA2F5 /* MainViewController.swift */; };
		5B8707C61DC1DFE600ABA2F5 /* HomeViewController.swift in Sources */ = {isa = PBXBuildFile; fileRef = 5B8707C51DC1DFE600ABA2F5 /* HomeViewController.swift */; };
		5B8707C91DC1F42400ABA2F5 /* UIBarButtonItem-Extension.swift in Sources */ = {isa = PBXBuildFile; fileRef = 5B8707C81DC1F42400ABA2F5 /* UIBarButtonItem-Extension.swift */; };
/* End PBXBuildFile section */

/* Begin PBXFileReference section */
		5B8707911DC19B2700ABA2F5 /* DouYuZB.app */ = {isa = PBXFileReference; explicitFileType = wrapper.application; includeInIndex = 0; path = DouYuZB.app; sourceTree = BUILT_PRODUCTS_DIR; };
		5B8707941DC19B2700ABA2F5 /* AppDelegate.swift */ = {isa = PBXFileReference; lastKnownFileType = sourcecode.swift; path = AppDelegate.swift; sourceTree = "<group>"; };
		5B8707991DC19B2700ABA2F5 /* Base */ = {isa = PBXFileReference; lastKnownFileType = file.storyboard; name = Base; path = Base.lproj/Main.storyboard; sourceTree = "<group>"; };
		5B87079B1DC19B2700ABA2F5 /* Assets.xcassets */ = {isa = PBXFileReference; lastKnownFileType = folder.assetcatalog; path = Assets.xcassets; sourceTree = "<group>"; };
		5B87079E1DC19B2700ABA2F5 /* Base */ = {isa = PBXFileReference; lastKnownFileType = file.storyboard; name = Base; path = Base.lproj/LaunchScreen.storyboard; sourceTree = "<group>"; };
		5B8707A01DC19B2700ABA2F5 /* Info.plist */ = {isa = PBXFileReference; lastKnownFileType = text.plist.xml; path = Info.plist; sourceTree = "<group>"; };
		5B8707AE1DC1CDF700ABA2F5 /* Base */ = {isa = PBXFileReference; lastKnownFileType = file.storyboard; name = Base; path = DouYuZB/Base.lproj/Home.storyboard; sourceTree = SOURCE_ROOT; };
		5B8707B01DC1CE4A00ABA2F5 /* Live.storyboard */ = {isa = PBXFileReference; fileEncoding = 4; lastKnownFileType = file.storyboard; name = Live.storyboard; path = ../Main/Live.storyboard; sourceTree = "<group>"; };
		5B8707B31DC1CE6000ABA2F5 /* Base */ = {isa = PBXFileReference; lastKnownFileType = file.storyboard; name = Base; path = DouYuZB/Base.lproj/Follow.storyboard; sourceTree = SOURCE_ROOT; };
		5B8707B51DC1CE7B00ABA2F5 /* Profile.storyboard */ = {isa = PBXFileReference; fileEncoding = 4; lastKnownFileType = file.storyboard; name = Profile.storyboard; path = ../Main/Profile.storyboard; sourceTree = "<group>"; };
		5B8707B71DC1CFB500ABA2F5 /* MainViewController.swift */ = {isa = PBXFileReference; fileEncoding = 4; lastKnownFileType = sourcecode.swift; path = MainViewController.swift; sourceTree = "<group>"; };
		5B8707C51DC1DFE600ABA2F5 /* HomeViewController.swift */ = {isa = PBXFileReference; fileEncoding = 4; lastKnownFileType = sourcecode.swift; path = HomeViewController.swift; sourceTree = "<group>"; };
		5B8707C81DC1F42400ABA2F5 /* UIBarButtonItem-Extension.swift */ = {isa = PBXFileReference; fileEncoding = 4; lastKnownFileType = sourcecode.swift; path = "UIBarButtonItem-Extension.swift"; sourceTree = "<group>"; };
/* End PBXFileReference section */

/* Begin PBXFrameworksBuildPhase section */
		5B87078E1DC19B2700ABA2F5 /* Frameworks */ = {
			isa = PBXFrameworksBuildPhase;
			buildActionMask = 2147483647;
			files = (
			);
			runOnlyForDeploymentPostprocessing = 0;
		};
/* End PBXFrameworksBuildPhase section */

/* Begin PBXGroup section */
		5B8707881DC19B2600ABA2F5 = {
			isa = PBXGroup;
			children = (
				5B8707931DC19B2700ABA2F5 /* DouYuZB */,
				5B8707921DC19B2700ABA2F5 /* Products */,
			);
			sourceTree = "<group>";
		};
		5B8707921DC19B2700ABA2F5 /* Products */ = {
			isa = PBXGroup;
			children = (
				5B8707911DC19B2700ABA2F5 /* DouYuZB.app */,
			);
			name = Products;
			sourceTree = "<group>";
		};
		5B8707931DC19B2700ABA2F5 /* DouYuZB */ = {
			isa = PBXGroup;
			children = (
				5B8707A61DC1C3E700ABA2F5 /* Classes */,
				5B8707941DC19B2700ABA2F5 /* AppDelegate.swift */,
				5B87079B1DC19B2700ABA2F5 /* Assets.xcassets */,
				5B87079D1DC19B2700ABA2F5 /* LaunchScreen.storyboard */,
				5B8707A01DC19B2700ABA2F5 /* Info.plist */,
			);
			path = DouYuZB;
			sourceTree = "<group>";
		};
		5B8707A61DC1C3E700ABA2F5 /* Classes */ = {
			isa = PBXGroup;
			children = (
				5B8707AA1DC1C3E700ABA2F5 /* Main */,
				5B8707A81DC1C3E700ABA2F5 /* Home */,
				5B8707A91DC1C3E700ABA2F5 /* Live */,
				5B8707A71DC1C3E700ABA2F5 /* Follow */,
				5B8707AB1DC1C3E700ABA2F5 /* Profile */,
				5B8707AC1DC1C3E700ABA2F5 /* Tools */,
			);
			path = Classes;
			sourceTree = "<group>";
		};
		5B8707A71DC1C3E700ABA2F5 /* Follow */ = {
			isa = PBXGroup;
			children = (
				5B8707BC1DC1DF1200ABA2F5 /* Controller */,
				5B8707BD1DC1DF1200ABA2F5 /* Model */,
				5B8707BE1DC1DF1200ABA2F5 /* View */,
				5B8707B21DC1CE6000ABA2F5 /* Follow.storyboard */,
			);
			path = Follow;
			sourceTree = "<group>";
		};
		5B8707A81DC1C3E700ABA2F5 /* Home */ = {
			isa = PBXGroup;
			children = (
				5B8707B91DC1DE6800ABA2F5 /* Controller */,
				5B8707BA1DC1DE6800ABA2F5 /* Model */,
				5B8707BB1DC1DE6800ABA2F5 /* View */,
			);
			path = Home;
			sourceTree = "<group>";
		};
		5B8707A91DC1C3E700ABA2F5 /* Live */ = {
			isa = PBXGroup;
			children = (
				5B8707C21DC1DF2400ABA2F5 /* Controller */,
				5B8707C31DC1DF2400ABA2F5 /* Model */,
				5B8707C41DC1DF2400ABA2F5 /* View */,
				5B8707B01DC1CE4A00ABA2F5 /* Live.storyboard */,
			);
			path = Live;
			sourceTree = "<group>";
		};
		5B8707AA1DC1C3E700ABA2F5 /* Main */ = {
			isa = PBXGroup;
			children = (
				5B8707981DC19B2700ABA2F5 /* Main.storyboard */,
				5B8707B71DC1CFB500ABA2F5 /* MainViewController.swift */,
			);
			path = Main;
			sourceTree = "<group>";
		};
		5B8707AB1DC1C3E700ABA2F5 /* Profile */ = {
			isa = PBXGroup;
			children = (
				5B8707BF1DC1DF1C00ABA2F5 /* Controller */,
				5B8707C01DC1DF1C00ABA2F5 /* Model */,
				5B8707C11DC1DF1C00ABA2F5 /* View */,
				5B8707B51DC1CE7B00ABA2F5 /* Profile.storyboard */,
			);
			path = Profile;
			sourceTree = "<group>";
		};
		5B8707AC1DC1C3E700ABA2F5 /* Tools */ = {
			isa = PBXGroup;
			children = (
				5B8707C71DC1F3C500ABA2F5 /* Extension */,
			);
			path = Tools;
			sourceTree = "<group>";
		};
		5B8707B91DC1DE6800ABA2F5 /* Controller */ = {
			isa = PBXGroup;
			children = (
				5B8707AD1DC1CDF700ABA2F5 /* Home.storyboard */,
				5B8707C51DC1DFE600ABA2F5 /* HomeViewController.swift */,
			);
			path = Controller;
			sourceTree = "<group>";
		};
		5B8707BA1DC1DE6800ABA2F5 /* Model */ = {
			isa = PBXGroup;
			children = (
			);
			path = Model;
			sourceTree = "<group>";
		};
		5B8707BB1DC1DE6800ABA2F5 /* View */ = {
			isa = PBXGroup;
			children = (
			);
			path = View;
			sourceTree = "<group>";
		};
		5B8707BC1DC1DF1200ABA2F5 /* Controller */ = {
			isa = PBXGroup;
			children = (
			);
			path = Controller;
			sourceTree = "<group>";
		};
		5B8707BD1DC1DF1200ABA2F5 /* Model */ = {
			isa = PBXGroup;
			children = (
			);
			path = Model;
			sourceTree = "<group>";
		};
		5B8707BE1DC1DF1200ABA2F5 /* View */ = {
			isa = PBXGroup;
			children = (
			);
			path = View;
			sourceTree = "<group>";
		};
		5B8707BF1DC1DF1C00ABA2F5 /* Controller */ = {
			isa = PBXGroup;
			children = (
			);
			path = Controller;
			sourceTree = "<group>";
		};
		5B8707C01DC1DF1C00ABA2F5 /* Model */ = {
			isa = PBXGroup;
			children = (
			);
			path = Model;
			sourceTree = "<group>";
		};
		5B8707C11DC1DF1C00ABA2F5 /* View */ = {
			isa = PBXGroup;
			children = (
			);
			path = View;
			sourceTree = "<group>";
		};
		5B8707C21DC1DF2400ABA2F5 /* Controller */ = {
			isa = PBXGroup;
			children = (
			);
			path = Controller;
			sourceTree = "<group>";
		};
		5B8707C31DC1DF2400ABA2F5 /* Model */ = {
			isa = PBXGroup;
			children = (
			);
			path = Model;
			sourceTree = "<group>";
		};
		5B8707C41DC1DF2400ABA2F5 /* View */ = {
			isa = PBXGroup;
			children = (
			);
			path = View;
			sourceTree = "<group>";
		};
		5B8707C71DC1F3C500ABA2F5 /* Extension */ = {
			isa = PBXGroup;
			children = (
				5B8707C81DC1F42400ABA2F5 /* UIBarButtonItem-Extension.swift */,
			);
			path = Extension;
			sourceTree = "<group>";
		};
/* End PBXGroup section */

/* Begin PBXNativeTarget section */
		5B8707901DC19B2700ABA2F5 /* DouYuZB */ = {
			isa = PBXNativeTarget;
			buildConfigurationList = 5B8707A31DC19B2700ABA2F5 /* Build configuration list for PBXNativeTarget "DouYuZB" */;
			buildPhases = (
				5B87078D1DC19B2700ABA2F5 /* Sources */,
				5B87078E1DC19B2700ABA2F5 /* Frameworks */,
				5B87078F1DC19B2700ABA2F5 /* Resources */,
			);
			buildRules = (
			);
			dependencies = (
			);
			name = DouYuZB;
			productName = DouYuZB;
			productReference = 5B8707911DC19B2700ABA2F5 /* DouYuZB.app */;
			productType = "com.apple.product-type.application";
		};
/* End PBXNativeTarget section */

/* Begin PBXProject section */
		5B8707891DC19B2600ABA2F5 /* Project object */ = {
			isa = PBXProject;
			attributes = {
				LastSwiftUpdateCheck = 0800;
				LastUpgradeCheck = 0800;
				ORGANIZATIONNAME = YZ;
				TargetAttributes = {
					5B8707901DC19B2700ABA2F5 = {
						CreatedOnToolsVersion = 8.0;
						DevelopmentTeam = 33NTTU4C9P;
						ProvisioningStyle = Automatic;
					};
				};
			};
			buildConfigurationList = 5B87078C1DC19B2600ABA2F5 /* Build configuration list for PBXProject "DouYuZB" */;
			compatibilityVersion = "Xcode 3.2";
			developmentRegion = English;
			hasScannedForEncodings = 0;
			knownRegions = (
				en,
				Base,
			);
			mainGroup = 5B8707881DC19B2600ABA2F5;
			productRefGroup = 5B8707921DC19B2700ABA2F5 /* Products */;
			projectDirPath = "";
			projectRoot = "";
			targets = (
				5B8707901DC19B2700ABA2F5 /* DouYuZB */,
			);
		};
/* End PBXProject section */

/* Begin PBXResourcesBuildPhase section */
		5B87078F1DC19B2700ABA2F5 /* Resources */ = {
			isa = PBXResourcesBuildPhase;
			buildActionMask = 2147483647;
			files = (
				5B87079F1DC19B2700ABA2F5 /* LaunchScreen.storyboard in Resources */,
				5B87079C1DC19B2700ABA2F5 /* Assets.xcassets in Resources */,
				5B87079A1DC19B2700ABA2F5 /* Main.storyboard in Resources */,
				5B8707B11DC1CE4A00ABA2F5 /* Live.storyboard in Resources */,
				5B8707AF1DC1CDF700ABA2F5 /* Home.storyboard in Resources */,
				5B8707B61DC1CE7B00ABA2F5 /* Profile.storyboard in Resources */,
				5B8707B41DC1CE6000ABA2F5 /* Follow.storyboard in Resources */,
			);
			runOnlyForDeploymentPostprocessing = 0;
		};
/* End PBXResourcesBuildPhase section */

/* Begin PBXSourcesBuildPhase section */
		5B87078D1DC19B2700ABA2F5 /* Sources */ = {
			isa = PBXSourcesBuildPhase;
			buildActionMask = 2147483647;
			files = (
				5B8707951DC19B2700ABA2F5 /* AppDelegate.swift in Sources */,
				5B8707B81DC1CFB500ABA2F5 /* MainViewController.swift in Sources */,
				5B8707C91DC1F42400ABA2F5 /* UIBarButtonItem-Extension.swift in Sources */,
				5B8707C61DC1DFE600ABA2F5 /* HomeViewController.swift in Sources */,
			);
			runOnlyForDeploymentPostprocessing = 0;
		};
/* End PBXSourcesBuildPhase section */

/* Begin PBXVariantGroup section */
		5B8707981DC19B2700ABA2F5 /* Main.storyboard */ = {
			isa = PBXVariantGroup;
			children = (
				5B8707991DC19B2700ABA2F5 /* Base */,
			);
			name = Main.storyboard;
			path = ../..;
			sourceTree = "<group>";
		};
		5B87079D1DC19B2700ABA2F5 /* LaunchScreen.storyboard */ = {
			isa = PBXVariantGroup;
			children = (
				5B87079E1DC19B2700ABA2F5 /* Base */,
			);
			name = LaunchScreen.storyboard;
			sourceTree = "<group>";
		};
		5B8707AD1DC1CDF700ABA2F5 /* Home.storyboard */ = {
			isa = PBXVariantGroup;
			children = (
				5B8707AE1DC1CDF700ABA2F5 /* Base */,
			);
			name = Home.storyboard;
			path = ../../Main;
			sourceTree = "<group>";
		};
		5B8707B21DC1CE6000ABA2F5 /* Follow.storyboard */ = {
			isa = PBXVariantGroup;
			children = (
				5B8707B31DC1CE6000ABA2F5 /* Base */,
			);
			name = Follow.storyboard;
			path = ../Main;
			sourceTree = "<group>";
		};
/* End PBXVariantGroup section */

/* Begin XCBuildConfiguration section */
		5B8707A11DC19B2700ABA2F5 /* Debug */ = {
			isa = XCBuildConfiguration;
			buildSettings = {
				ALWAYS_SEARCH_USER_PATHS = NO;
				CLANG_ANALYZER_NONNULL = YES;
				CLANG_CXX_LANGUAGE_STANDARD = "gnu++0x";
				CLANG_CXX_LIBRARY = "libc++";
				CLANG_ENABLE_MODULES = YES;
				CLANG_ENABLE_OBJC_ARC = YES;
				CLANG_WARN_BOOL_CONVERSION = YES;
				CLANG_WARN_CONSTANT_CONVERSION = YES;
				CLANG_WARN_DIRECT_OBJC_ISA_USAGE = YES_ERROR;
				CLANG_WARN_DOCUMENTATION_COMMENTS = YES;
				CLANG_WARN_EMPTY_BODY = YES;
				CLANG_WARN_ENUM_CONVERSION = YES;
				CLANG_WARN_INFINITE_RECURSION = YES;
				CLANG_WARN_INT_CONVERSION = YES;
				CLANG_WARN_OBJC_ROOT_CLASS = YES_ERROR;
				CLANG_WARN_SUSPICIOUS_MOVES = YES;
				CLANG_WARN_UNREACHABLE_CODE = YES;
				CLANG_WARN__DUPLICATE_METHOD_MATCH = YES;
				"CODE_SIGN_IDENTITY[sdk=iphoneos*]" = "iPhone Developer";
				COPY_PHASE_STRIP = NO;
				DEBUG_INFORMATION_FORMAT = dwarf;
				ENABLE_STRICT_OBJC_MSGSEND = YES;
				ENABLE_TESTABILITY = YES;
				GCC_C_LANGUAGE_STANDARD = gnu99;
				GCC_DYNAMIC_NO_PIC = NO;
				GCC_NO_COMMON_BLOCKS = YES;
				GCC_OPTIMIZATION_LEVEL = 0;
				GCC_PREPROCESSOR_DEFINITIONS = (
					"DEBUG=1",
					"$(inherited)",
				);
				GCC_WARN_64_TO_32_BIT_CONVERSION = YES;
				GCC_WARN_ABOUT_RETURN_TYPE = YES_ERROR;
				GCC_WARN_UNDECLARED_SELECTOR = YES;
				GCC_WARN_UNINITIALIZED_AUTOS = YES_AGGRESSIVE;
				GCC_WARN_UNUSED_FUNCTION = YES;
				GCC_WARN_UNUSED_VARIABLE = YES;
				IPHONEOS_DEPLOYMENT_TARGET = 10.0;
				MTL_ENABLE_DEBUG_INFO = YES;
				ONLY_ACTIVE_ARCH = YES;
				SDKROOT = iphoneos;
				SWIFT_ACTIVE_COMPILATION_CONDITIONS = DEBUG;
				SWIFT_OPTIMIZATION_LEVEL = "-Onone";
			};
			name = Debug;
		};
		5B8707A21DC19B2700ABA2F5 /* Release */ = {
			isa = XCBuildConfiguration;
			buildSettings = {
				ALWAYS_SEARCH_USER_PATHS = NO;
				CLANG_ANALYZER_NONNULL = YES;
				CLANG_CXX_LANGUAGE_STANDARD = "gnu++0x";
				CLANG_CXX_LIBRARY = "libc++";
				CLANG_ENABLE_MODULES = YES;
				CLANG_ENABLE_OBJC_ARC = YES;
				CLANG_WARN_BOOL_CONVERSION = YES;
				CLANG_WARN_CONSTANT_CONVERSION = YES;
				CLANG_WARN_DIRECT_OBJC_ISA_USAGE = YES_ERROR;
				CLANG_WARN_DOCUMENTATION_COMMENTS = YES;
				CLANG_WARN_EMPTY_BODY = YES;
				CLANG_WARN_ENUM_CONVERSION = YES;
				CLANG_WARN_INFINITE_RECURSION = YES;
				CLANG_WARN_INT_CONVERSION = YES;
				CLANG_WARN_OBJC_ROOT_CLASS = YES_ERROR;
				CLANG_WARN_SUSPICIOUS_MOVES = YES;
				CLANG_WARN_UNREACHABLE_CODE = YES;
				CLANG_WARN__DUPLICATE_METHOD_MATCH = YES;
				"CODE_SIGN_IDENTITY[sdk=iphoneos*]" = "iPhone Developer";
				COPY_PHASE_STRIP = NO;
				DEBUG_INFORMATION_FORMAT = "dwarf-with-dsym";
				ENABLE_NS_ASSERTIONS = NO;
				ENABLE_STRICT_OBJC_MSGSEND = YES;
				GCC_C_LANGUAGE_STANDARD = gnu99;
				GCC_NO_COMMON_BLOCKS = YES;
				GCC_WARN_64_TO_32_BIT_CONVERSION = YES;
				GCC_WARN_ABOUT_RETURN_TYPE = YES_ERROR;
				GCC_WARN_UNDECLARED_SELECTOR = YES;
				GCC_WARN_UNINITIALIZED_AUTOS = YES_AGGRESSIVE;
				GCC_WARN_UNUSED_FUNCTION = YES;
				GCC_WARN_UNUSED_VARIABLE = YES;
				IPHONEOS_DEPLOYMENT_TARGET = 10.0;
				MTL_ENABLE_DEBUG_INFO = NO;
				SDKROOT = iphoneos;
				SWIFT_OPTIMIZATION_LEVEL = "-Owholemodule";
				VALIDATE_PRODUCT = YES;
			};
			name = Release;
		};
		5B8707A41DC19B2700ABA2F5 /* Debug */ = {
			isa = XCBuildConfiguration;
			buildSettings = {
				ASSETCATALOG_COMPILER_APPICON_NAME = AppIcon;
				ASSETCATALOG_COMPILER_LAUNCHIMAGE_NAME = LaunchImage;
				DEVELOPMENT_TEAM = 33NTTU4C9P;
				INFOPLIST_FILE = DouYuZB/Info.plist;
				IPHONEOS_DEPLOYMENT_TARGET = 9.0;
				LD_RUNPATH_SEARCH_PATHS = "$(inherited) @executable_path/Frameworks";
				PRODUCT_BUNDLE_IDENTIFIER = com.YZ.DouYuZB;
				PRODUCT_NAME = "$(TARGET_NAME)";
				SWIFT_VERSION = 3.0;
			};
			name = Debug;
		};
		5B8707A51DC19B2700ABA2F5 /* Release */ = {
			isa = XCBuildConfiguration;
			buildSettings = {
				ASSETCATALOG_COMPILER_APPICON_NAME = AppIcon;
				ASSETCATALOG_COMPILER_LAUNCHIMAGE_NAME = LaunchImage;
				DEVELOPMENT_TEAM = 33NTTU4C9P;
				INFOPLIST_FILE = DouYuZB/Info.plist;
				IPHONEOS_DEPLOYMENT_TARGET = 9.0;
				LD_RUNPATH_SEARCH_PATHS = "$(inherited) @executable_path/Frameworks";
				PRODUCT_BUNDLE_IDENTIFIER = com.YZ.DouYuZB;
				PRODUCT_NAME = "$(TARGET_NAME)";
				SWIFT_VERSION = 3.0;
			};
			name = Release;
		};
/* End XCBuildConfiguration section */

/* Begin XCConfigurationList section */
		5B87078C1DC19B2600ABA2F5 /* Build configuration list for PBXProject "DouYuZB" */ = {
			isa = XCConfigurationList;
			buildConfigurations = (
				5B8707A11DC19B2700ABA2F5 /* Debug */,
				5B8707A21DC19B2700ABA2F5 /* Release */,
			);
			defaultConfigurationIsVisible = 0;
			defaultConfigurationName = Release;
		};
		5B8707A31DC19B2700ABA2F5 /* Build configuration list for PBXNativeTarget "DouYuZB" */ = {
			isa = XCConfigurationList;
			buildConfigurations = (
				5B8707A41DC19B2700ABA2F5 /* Debug */,
				5B8707A51DC19B2700ABA2F5 /* Release */,
			);
			defaultConfigurationIsVisible = 0;
		};
/* End XCConfigurationList section */
	};
	rootObject = 5B8707891DC19B2600ABA2F5 /* Project object */;
}
